// !$*UTF8*$!
{
	archiveVersion = 1;
	classes = {
	};
	objectVersion = 46;
	objects = {

/* Begin PBXBuildFile section */
		A330EC901979E29800462A94 /* Foundation.framework in Frameworks */ = {isa = PBXBuildFile; fileRef = A330EC8F1979E29800462A94 /* Foundation.framework */; };
		A330EC921979E29800462A94 /* CoreGraphics.framework in Frameworks */ = {isa = PBXBuildFile; fileRef = A330EC911979E29800462A94 /* CoreGraphics.framework */; };
		A330EC941979E29800462A94 /* UIKit.framework in Frameworks */ = {isa = PBXBuildFile; fileRef = A330EC931979E29800462A94 /* UIKit.framework */; };
		A330EC9A1979E29800462A94 /* InfoPlist.strings in Resources */ = {isa = PBXBuildFile; fileRef = A330EC981979E29800462A94 /* InfoPlist.strings */; };
		A330EC9C1979E29800462A94 /* main.m in Sources */ = {isa = PBXBuildFile; fileRef = A330EC9B1979E29800462A94 /* main.m */; };
		A330ECA01979E29800462A94 /* MSGAppDelegate.m in Sources */ = {isa = PBXBuildFile; fileRef = A330EC9F1979E29800462A94 /* MSGAppDelegate.m */; };
		A330ECA31979E29800462A94 /* Main.storyboard in Resources */ = {isa = PBXBuildFile; fileRef = A330ECA11979E29800462A94 /* Main.storyboard */; };
		A330ECA81979E29800462A94 /* Images.xcassets in Resources */ = {isa = PBXBuildFile; fileRef = A330ECA71979E29800462A94 /* Images.xcassets */; };
		A330ECAF1979E29800462A94 /* XCTest.framework in Frameworks */ = {isa = PBXBuildFile; fileRef = A330ECAE1979E29800462A94 /* XCTest.framework */; };
		A330ECB01979E29800462A94 /* Foundation.framework in Frameworks */ = {isa = PBXBuildFile; fileRef = A330EC8F1979E29800462A94 /* Foundation.framework */; };
		A330ECB11979E29800462A94 /* UIKit.framework in Frameworks */ = {isa = PBXBuildFile; fileRef = A330EC931979E29800462A94 /* UIKit.framework */; };
		A330ECB91979E29800462A94 /* InfoPlist.strings in Resources */ = {isa = PBXBuildFile; fileRef = A330ECB71979E29800462A94 /* InfoPlist.strings */; };
		A330ECBB1979E29800462A94 /* NSUserDefaults__Segues_and_Protocols_Challenge_SolutionTests.m in Sources */ = {isa = PBXBuildFile; fileRef = A330ECBA1979E29800462A94 /* NSUserDefaults__Segues_and_Protocols_Challenge_SolutionTests.m */; };
		A330ECC61979E2F700462A94 /* MSGSignInViewController.m in Sources */ = {isa = PBXBuildFile; fileRef = A330ECC51979E2F700462A94 /* MSGSignInViewController.m */; };
		A330ECC91979E30E00462A94 /* MSGCreateAccountViewController.m in Sources */ = {isa = PBXBuildFile; fileRef = A330ECC81979E30E00462A94 /* MSGCreateAccountViewController.m */; };
		A330ECCC1979E47A00462A94 /* MSGViewController.m in Sources */ = {isa = PBXBuildFile; fileRef = A330ECCB1979E47A00462A94 /* MSGViewController.m */; };
		A330ECD21979EDF200462A94 /* wallpaper@2x.png in Resources */ = {isa = PBXBuildFile; fileRef = A330ECD11979EDF200462A94 /* wallpaper@2x.png */; };
/* End PBXBuildFile section */

/* Begin PBXContainerItemProxy section */
		A330ECB21979E29800462A94 /* PBXContainerItemProxy */ = {
			isa = PBXContainerItemProxy;
			containerPortal = A330EC841979E29800462A94 /* Project object */;
			proxyType = 1;
			remoteGlobalIDString = A330EC8B1979E29800462A94;
			remoteInfo = "NSUserDefaults, Segues and Protocols Challenge Solution";
		};
/* End PBXContainerItemProxy section */

/* Begin PBXFileReference section */
		A330EC8C1979E29800462A94 /* NSUserDefaults, Segues and Protocols Challenge Solution.app */ = {isa = PBXFileReference; explicitFileType = wrapper.application; includeInIndex = 0; path = "NSUserDefaults, Segues and Protocols Challenge Solution.app"; sourceTree = BUILT_PRODUCTS_DIR; };
		A330EC8F1979E29800462A94 /* Foundation.framework */ = {isa = PBXFileReference; lastKnownFileType = wrapper.framework; name = Foundation.framework; path = System/Library/Frameworks/Foundation.framework; sourceTree = SDKROOT; };
		A330EC911979E29800462A94 /* CoreGraphics.framework */ = {isa = PBXFileReference; lastKnownFileType = wrapper.framework; name = CoreGraphics.framework; path = System/Library/Frameworks/CoreGraphics.framework; sourceTree = SDKROOT; };
		A330EC931979E29800462A94 /* UIKit.framework */ = {isa = PBXFileReference; lastKnownFileType = wrapper.framework; name = UIKit.framework; path = System/Library/Frameworks/UIKit.framework; sourceTree = SDKROOT; };
		A330EC971979E29800462A94 /* NSUserDefaults, Segues and Protocols Challenge Solution-Info.plist */ = {isa = PBXFileReference; lastKnownFileType = text.plist.xml; path = "NSUserDefaults, Segues and Protocols Challenge Solution-Info.plist"; sourceTree = "<group>"; };
		A330EC991979E29800462A94 /* en */ = {isa = PBXFileReference; lastKnownFileType = text.plist.strings; name = en; path = en.lproj/InfoPlist.strings; sourceTree = "<group>"; };
		A330EC9B1979E29800462A94 /* main.m */ = {isa = PBXFileReference; lastKnownFileType = sourcecode.c.objc; path = main.m; sourceTree = "<group>"; };
		A330EC9D1979E29800462A94 /* NSUserDefaults, Segues and Protocols Challenge Solution-Prefix.pch */ = {isa = PBXFileReference; lastKnownFileType = sourcecode.c.h; path = "NSUserDefaults, Segues and Protocols Challenge Solution-Prefix.pch"; sourceTree = "<group>"; };
		A330EC9E1979E29800462A94 /* MSGAppDelegate.h */ = {isa = PBXFileReference; lastKnownFileType = sourcecode.c.h; path = MSGAppDelegate.h; sourceTree = "<group>"; };
		A330EC9F1979E29800462A94 /* MSGAppDelegate.m */ = {isa = PBXFileReference; lastKnownFileType = sourcecode.c.objc; path = MSGAppDelegate.m; sourceTree = "<group>"; };
		A330ECA21979E29800462A94 /* Base */ = {isa = PBXFileReference; lastKnownFileType = file.storyboard; name = Base; path = Base.lproj/Main.storyboard; sourceTree = "<group>"; };
		A330ECA71979E29800462A94 /* Images.xcassets */ = {isa = PBXFileReference; lastKnownFileType = folder.assetcatalog; path = Images.xcassets; sourceTree = "<group>"; };
		A330ECAD1979E29800462A94 /* NSUserDefaults, Segues and Protocols Challenge SolutionTests.xctest */ = {isa = PBXFileReference; explicitFileType = wrapper.cfbundle; includeInIndex = 0; path = "NSUserDefaults, Segues and Protocols Challenge SolutionTests.xctest"; sourceTree = BUILT_PRODUCTS_DIR; };
		A330ECAE1979E29800462A94 /* XCTest.framework */ = {isa = PBXFileReference; lastKnownFileType = wrapper.framework; name = XCTest.framework; path = Library/Frameworks/XCTest.framework; sourceTree = DEVELOPER_DIR; };
		A330ECB61979E29800462A94 /* NSUserDefaults, Segues and Protocols Challenge SolutionTests-Info.plist */ = {isa = PBXFileReference; lastKnownFileType = text.plist.xml; path = "NSUserDefaults, Segues and Protocols Challenge SolutionTests-Info.plist"; sourceTree = "<group>"; };
		A330ECB81979E29800462A94 /* en */ = {isa = PBXFileReference; lastKnownFileType = text.plist.strings; name = en; path = en.lproj/InfoPlist.strings; sourceTree = "<group>"; };
		A330ECBA1979E29800462A94 /* NSUserDefaults__Segues_and_Protocols_Challenge_SolutionTests.m */ = {isa = PBXFileReference; lastKnownFileType = sourcecode.c.objc; path = NSUserDefaults__Segues_and_Protocols_Challenge_SolutionTests.m; sourceTree = "<group>"; };
		A330ECC41979E2F700462A94 /* MSGSignInViewController.h */ = {isa = PBXFileReference; fileEncoding = 4; lastKnownFileType = sourcecode.c.h; path = MSGSignInViewController.h; sourceTree = "<group>"; };
		A330ECC51979E2F700462A94 /* MSGSignInViewController.m */ = {isa = PBXFileReference; fileEncoding = 4; lastKnownFileType = sourcecode.c.objc; path = MSGSignInViewController.m; sourceTree = "<group>"; };
		A330ECC71979E30E00462A94 /* MSGCreateAccountViewController.h */ = {isa = PBXFileReference; fileEncoding = 4; lastKnownFileType = sourcecode.c.h; path = MSGCreateAccountViewController.h; sourceTree = "<group>"; };
		A330ECC81979E30E00462A94 /* MSGCreateAccountViewController.m */ = {isa = PBXFileReference; fileEncoding = 4; lastKnownFileType = sourcecode.c.objc; path = MSGCreateAccountViewController.m; sourceTree = "<group>"; };
		A330ECCA1979E47A00462A94 /* MSGViewController.h */ = {isa = PBXFileReference; fileEncoding = 4; lastKnownFileType = sourcecode.c.h; path = MSGViewController.h; sourceTree = "<group>"; };
		A330ECCB1979E47A00462A94 /* MSGViewController.m */ = {isa = PBXFileReference; fileEncoding = 4; lastKnownFileType = sourcecode.c.objc; path = MSGViewController.m; sourceTree = "<group>"; };
		A330ECD11979EDF200462A94 /* wallpaper@2x.png */ = {isa = PBXFileReference; lastKnownFileType = image.png; path = "wallpaper@2x.png"; sourceTree = "<group>"; };
/* End PBXFileReference section */

/* Begin PBXFrameworksBuildPhase section */
		A330EC891979E29800462A94 /* Frameworks */ = {
			isa = PBXFrameworksBuildPhase;
			buildActionMask = 2147483647;
			files = (
				A330EC921979E29800462A94 /* CoreGraphics.framework in Frameworks */,
				A330EC941979E29800462A94 /* UIKit.framework in Frameworks */,
				A330EC901979E29800462A94 /* Foundation.framework in Frameworks */,
			);
			runOnlyForDeploymentPostprocessing = 0;
		};
		A330ECAA1979E29800462A94 /* Frameworks */ = {
			isa = PBXFrameworksBuildPhase;
			buildActionMask = 2147483647;
			files = (
				A330ECAF1979E29800462A94 /* XCTest.framework in Frameworks */,
				A330ECB11979E29800462A94 /* UIKit.framework in Frameworks */,
				A330ECB01979E29800462A94 /* Foundation.framework in Frameworks */,
			);
			runOnlyForDeploymentPostprocessing = 0;
		};
/* End PBXFrameworksBuildPhase section */

/* Begin PBXGroup section */
		A330EC831979E29800462A94 = {
			isa = PBXGroup;
			children = (
				A330EC951979E29800462A94 /* NSUserDefaults, Segues and Protocols Challenge Solution */,
				A330ECB41979E29800462A94 /* NSUserDefaults, Segues and Protocols Challenge SolutionTests */,
				A330EC8E1979E29800462A94 /* Frameworks */,
				A330EC8D1979E29800462A94 /* Products */,
			);
			sourceTree = "<group>";
		};
		A330EC8D1979E29800462A94 /* Products */ = {
			isa = PBXGroup;
			children = (
				A330EC8C1979E29800462A94 /* NSUserDefaults, Segues and Protocols Challenge Solution.app */,
				A330ECAD1979E29800462A94 /* NSUserDefaults, Segues and Protocols Challenge SolutionTests.xctest */,
			);
			name = Products;
			sourceTree = "<group>";
		};
		A330EC8E1979E29800462A94 /* Frameworks */ = {
			isa = PBXGroup;
			children = (
				A330EC8F1979E29800462A94 /* Foundation.framework */,
				A330EC911979E29800462A94 /* CoreGraphics.framework */,
				A330EC931979E29800462A94 /* UIKit.framework */,
				A330ECAE1979E29800462A94 /* XCTest.framework */,
			);
			name = Frameworks;
			sourceTree = "<group>";
		};
		A330EC951979E29800462A94 /* NSUserDefaults, Segues and Protocols Challenge Solution */ = {
			isa = PBXGroup;
			children = (
				A330EC9E1979E29800462A94 /* MSGAppDelegate.h */,
				A330EC9F1979E29800462A94 /* MSGAppDelegate.m */,
				A330ECA11979E29800462A94 /* Main.storyboard */,
				A330ECCA1979E47A00462A94 /* MSGViewController.h */,
				A330ECCB1979E47A00462A94 /* MSGViewController.m */,
				A330ECC41979E2F700462A94 /* MSGSignInViewController.h */,
				A330ECC51979E2F700462A94 /* MSGSignInViewController.m */,
				A330ECC71979E30E00462A94 /* MSGCreateAccountViewController.h */,
				A330ECC81979E30E00462A94 /* MSGCreateAccountViewController.m */,
				A330ECA71979E29800462A94 /* Images.xcassets */,
				A330EC961979E29800462A94 /* Supporting Files */,
			);
			path = "NSUserDefaults, Segues and Protocols Challenge Solution";
			sourceTree = "<group>";
		};
		A330EC961979E29800462A94 /* Supporting Files */ = {
			isa = PBXGroup;
			children = (
				A330ECD11979EDF200462A94 /* wallpaper@2x.png */,
				A330EC971979E29800462A94 /* NSUserDefaults, Segues and Protocols Challenge Solution-Info.plist */,
				A330EC981979E29800462A94 /* InfoPlist.strings */,
				A330EC9B1979E29800462A94 /* main.m */,
				A330EC9D1979E29800462A94 /* NSUserDefaults, Segues and Protocols Challenge Solution-Prefix.pch */,
			);
			name = "Supporting Files";
			sourceTree = "<group>";
		};
		A330ECB41979E29800462A94 /* NSUserDefaults, Segues and Protocols Challenge SolutionTests */ = {
			isa = PBXGroup;
			children = (
				A330ECBA1979E29800462A94 /* NSUserDefaults__Segues_and_Protocols_Challenge_SolutionTests.m */,
				A330ECB51979E29800462A94 /* Supporting Files */,
			);
			path = "NSUserDefaults, Segues and Protocols Challenge SolutionTests";
			sourceTree = "<group>";
		};
		A330ECB51979E29800462A94 /* Supporting Files */ = {
			isa = PBXGroup;
			children = (
				A330ECB61979E29800462A94 /* NSUserDefaults, Segues and Protocols Challenge SolutionTests-Info.plist */,
				A330ECB71979E29800462A94 /* InfoPlist.strings */,
			);
			name = "Supporting Files";
			sourceTree = "<group>";
		};
/* End PBXGroup section */

/* Begin PBXNativeTarget section */
		A330EC8B1979E29800462A94 /* NSUserDefaults, Segues and Protocols Challenge Solution */ = {
			isa = PBXNativeTarget;
			buildConfigurationList = A330ECBE1979E29800462A94 /* Build configuration list for PBXNativeTarget "NSUserDefaults, Segues and Protocols Challenge Solution" */;
			buildPhases = (
				A330EC881979E29800462A94 /* Sources */,
				A330EC891979E29800462A94 /* Frameworks */,
				A330EC8A1979E29800462A94 /* Resources */,
			);
			buildRules = (
			);
			dependencies = (
			);
			name = "NSUserDefaults, Segues and Protocols Challenge Solution";
			productName = "NSUserDefaults, Segues and Protocols Challenge Solution";
			productReference = A330EC8C1979E29800462A94 /* NSUserDefaults, Segues and Protocols Challenge Solution.app */;
			productType = "com.apple.product-type.application";
		};
		A330ECAC1979E29800462A94 /* NSUserDefaults, Segues and Protocols Challenge SolutionTests */ = {
			isa = PBXNativeTarget;
			buildConfigurationList = A330ECC11979E29800462A94 /* Build configuration list for PBXNativeTarget "NSUserDefaults, Segues and Protocols Challenge SolutionTests" */;
			buildPhases = (
				A330ECA91979E29800462A94 /* Sources */,
				A330ECAA1979E29800462A94 /* Frameworks */,
				A330ECAB1979E29800462A94 /* Resources */,
			);
			buildRules = (
			);
			dependencies = (
				A330ECB31979E29800462A94 /* PBXTargetDependency */,
			);
			name = "NSUserDefaults, Segues and Protocols Challenge SolutionTests";
			productName = "NSUserDefaults, Segues and Protocols Challenge SolutionTests";
			productReference = A330ECAD1979E29800462A94 /* NSUserDefaults, Segues and Protocols Challenge SolutionTests.xctest */;
			productType = "com.apple.product-type.bundle.unit-test";
		};
/* End PBXNativeTarget section */

/* Begin PBXProject section */
		A330EC841979E29800462A94 /* Project object */ = {
			isa = PBXProject;
			attributes = {
				CLASSPREFIX = MSG;
				LastUpgradeCheck = 0510;
				ORGANIZATIONNAME = Sunny;
				TargetAttributes = {
					A330ECAC1979E29800462A94 = {
						TestTargetID = A330EC8B1979E29800462A94;
					};
				};
			};
			buildConfigurationList = A330EC871979E29800462A94 /* Build configuration list for PBXProject "NSUserDefaults, Segues and Protocols Challenge Solution" */;
			compatibilityVersion = "Xcode 3.2";
			developmentRegion = English;
			hasScannedForEncodings = 0;
			knownRegions = (
				en,
				Base,
			);
			mainGroup = A330EC831979E29800462A94;
			productRefGroup = A330EC8D1979E29800462A94 /* Products */;
			projectDirPath = "";
			projectRoot = "";
			targets = (
				A330EC8B1979E29800462A94 /* NSUserDefaults, Segues and Protocols Challenge Solution */,
				A330ECAC1979E29800462A94 /* NSUserDefaults, Segues and Protocols Challenge SolutionTests */,
			);
		};
/* End PBXProject section */

/* Begin PBXResourcesBuildPhase section */
		A330EC8A1979E29800462A94 /* Resources */ = {
			isa = PBXResourcesBuildPhase;
			buildActionMask = 2147483647;
			files = (
				A330ECA81979E29800462A94 /* Images.xcassets in Resources */,
				A330EC9A1979E29800462A94 /* InfoPlist.strings in Resources */,
				A330ECA31979E29800462A94 /* Main.storyboard in Resources */,
				A330ECD21979EDF200462A94 /* wallpaper@2x.png in Resources */,
			);
			runOnlyForDeploymentPostprocessing = 0;
		};
		A330ECAB1979E29800462A94 /* Resources */ = {
			isa = PBXResourcesBuildPhase;
			buildActionMask = 2147483647;
			files = (
				A330ECB91979E29800462A94 /* InfoPlist.strings in Resources */,
			);
			runOnlyForDeploymentPostprocessing = 0;
		};
/* End PBXResourcesBuildPhase section */

/* Begin PBXSourcesBuildPhase section */
		A330EC881979E29800462A94 /* Sources */ = {
			isa = PBXSourcesBuildPhase;
			buildActionMask = 2147483647;
			files = (
				A330ECC91979E30E00462A94 /* MSGCreateAccountViewController.m in Sources */,
				A330ECC61979E2F700462A94 /* MSGSignInViewController.m in Sources */,
				A330ECA01979E29800462A94 /* MSGAppDelegate.m in Sources */,
				A330EC9C1979E29800462A94 /* main.m in Sources */,
				A330ECCC1979E47A00462A94 /* MSGViewController.m in Sources */,
			);
			runOnlyForDeploymentPostprocessing = 0;
		};
		A330ECA91979E29800462A94 /* Sources */ = {
			isa = PBXSourcesBuildPhase;
			buildActionMask = 2147483647;
			files = (
				A330ECBB1979E29800462A94 /* NSUserDefaults__Segues_and_Protocols_Challenge_SolutionTests.m in Sources */,
			);
			runOnlyForDeploymentPostprocessing = 0;
		};
/* End PBXSourcesBuildPhase section */

/* Begin PBXTargetDependency section */
		A330ECB31979E29800462A94 /* PBXTargetDependency */ = {
			isa = PBXTargetDependency;
			target = A330EC8B1979E29800462A94 /* NSUserDefaults, Segues and Protocols Challenge Solution */;
			targetProxy = A330ECB21979E29800462A94 /* PBXContainerItemProxy */;
		};
/* End PBXTargetDependency section */

/* Begin PBXVariantGroup section */
		A330EC981979E29800462A94 /* InfoPlist.strings */ = {
			isa = PBXVariantGroup;
			children = (
				A330EC991979E29800462A94 /* en */,
			);
			name = InfoPlist.strings;
			sourceTree = "<group>";
		};
		A330ECA11979E29800462A94 /* Main.storyboard */ = {
			isa = PBXVariantGroup;
			children = (
				A330ECA21979E29800462A94 /* Base */,
			);
			name = Main.storyboard;
			sourceTree = "<group>";
		};
		A330ECB71979E29800462A94 /* InfoPlist.strings */ = {
			isa = PBXVariantGroup;
			children = (
				A330ECB81979E29800462A94 /* en */,
			);
			name = InfoPlist.strings;
			sourceTree = "<group>";
		};
/* End PBXVariantGroup section */

/* Begin XCBuildConfiguration section */
		A330ECBC1979E29800462A94 /* Debug */ = {
			isa = XCBuildConfiguration;
			buildSettings = {
				ALWAYS_SEARCH_USER_PATHS = NO;
				CLANG_CXX_LANGUAGE_STANDARD = "gnu++0x";
				CLANG_CXX_LIBRARY = "libc++";
				CLANG_ENABLE_MODULES = YES;
				CLANG_ENABLE_OBJC_ARC = YES;
				CLANG_WARN_BOOL_CONVERSION = YES;
				CLANG_WARN_CONSTANT_CONVERSION = YES;
				CLANG_WARN_DIRECT_OBJC_ISA_USAGE = YES_ERROR;
				CLANG_WARN_EMPTY_BODY = YES;
				CLANG_WARN_ENUM_CONVERSION = YES;
				CLANG_WARN_INT_CONVERSION = YES;
				CLANG_WARN_OBJC_ROOT_CLASS = YES_ERROR;
				CLANG_WARN__DUPLICATE_METHOD_MATCH = YES;
				"CODE_SIGN_IDENTITY[sdk=iphoneos*]" = "iPhone Developer";
				COPY_PHASE_STRIP = NO;
				GCC_C_LANGUAGE_STANDARD = gnu99;
				GCC_DYNAMIC_NO_PIC = NO;
				GCC_OPTIMIZATION_LEVEL = 0;
				GCC_PREPROCESSOR_DEFINITIONS = (
					"DEBUG=1",
					"$(inherited)",
				);
				GCC_SYMBOLS_PRIVATE_EXTERN = NO;
				GCC_WARN_64_TO_32_BIT_CONVERSION = YES;
				GCC_WARN_ABOUT_RETURN_TYPE = YES_ERROR;
				GCC_WARN_UNDECLARED_SELECTOR = YES;
				GCC_WARN_UNINITIALIZED_AUTOS = YES_AGGRESSIVE;
				GCC_WARN_UNUSED_FUNCTION = YES;
				GCC_WARN_UNUSED_VARIABLE = YES;
				IPHONEOS_DEPLOYMENT_TARGET = 7.1;
				ONLY_ACTIVE_ARCH = YES;
				SDKROOT = iphoneos;
			};
			name = Debug;
		};
		A330ECBD1979E29800462A94 /* Release */ = {
			isa = XCBuildConfiguration;
			buildSettings = {
				ALWAYS_SEARCH_USER_PATHS = NO;
				CLANG_CXX_LANGUAGE_STANDARD = "gnu++0x";
				CLANG_CXX_LIBRARY = "libc++";
				CLANG_ENABLE_MODULES = YES;
				CLANG_ENABLE_OBJC_ARC = YES;
				CLANG_WARN_BOOL_CONVERSION = YES;
				CLANG_WARN_CONSTANT_CONVERSION = YES;
				CLANG_WARN_DIRECT_OBJC_ISA_USAGE = YES_ERROR;
				CLANG_WARN_EMPTY_BODY = YES;
				CLANG_WARN_ENUM_CONVERSION = YES;
				CLANG_WARN_INT_CONVERSION = YES;
				CLANG_WARN_OBJC_ROOT_CLASS = YES_ERROR;
				CLANG_WARN__DUPLICATE_METHOD_MATCH = YES;
				"CODE_SIGN_IDENTITY[sdk=iphoneos*]" = "iPhone Developer";
				COPY_PHASE_STRIP = YES;
				ENABLE_NS_ASSERTIONS = NO;
				GCC_C_LANGUAGE_STANDARD = gnu99;
				GCC_WARN_64_TO_32_BIT_CONVERSION = YES;
				GCC_WARN_ABOUT_RETURN_TYPE = YES_ERROR;
				GCC_WARN_UNDECLARED_SELECTOR = YES;
				GCC_WARN_UNINITIALIZED_AUTOS = YES_AGGRESSIVE;
				GCC_WARN_UNUSED_FUNCTION = YES;
				GCC_WARN_UNUSED_VARIABLE = YES;
				IPHONEOS_DEPLOYMENT_TARGET = 7.1;
				SDKROOT = iphoneos;
				VALIDATE_PRODUCT = YES;
			};
			name = Release;
		};
		A330ECBF1979E29800462A94 /* Debug */ = {
			isa = XCBuildConfiguration;
			buildSettings = {
				ASSETCATALOG_COMPILER_APPICON_NAME = AppIcon;
				ASSETCATALOG_COMPILER_LAUNCHIMAGE_NAME = LaunchImage;
				GCC_PRECOMPILE_PREFIX_HEADER = YES;
				GCC_PREFIX_HEADER = "NSUserDefaults, Segues and Protocols Challenge Solution/NSUserDefaults, Segues and Protocols Challenge Solution-Prefix.pch";
				INFOPLIST_FILE = "NSUserDefaults, Segues and Protocols Challenge Solution/NSUserDefaults, Segues and Protocols Challenge Solution-Info.plist";
				PRODUCT_NAME = "$(TARGET_NAME)";
				WRAPPER_EXTENSION = app;
			};
			name = Debug;
		};
		A330ECC01979E29800462A94 /* Release */ = {
			isa = XCBuildConfiguration;
			buildSettings = {
				ASSETCATALOG_COMPILER_APPICON_NAME = AppIcon;
				ASSETCATALOG_COMPILER_LAUNCHIMAGE_NAME = LaunchImage;
				GCC_PRECOMPILE_PREFIX_HEADER = YES;
				GCC_PREFIX_HEADER = "NSUserDefaults, Segues and Protocols Challenge Solution/NSUserDefaults, Segues and Protocols Challenge Solution-Prefix.pch";
				INFOPLIST_FILE = "NSUserDefaults, Segues and Protocols Challenge Solution/NSUserDefaults, Segues and Protocols Challenge Solution-Info.plist";
				PRODUCT_NAME = "$(TARGET_NAME)";
				WRAPPER_EXTENSION = app;
			};
			name = Release;
		};
		A330ECC21979E29800462A94 /* Debug */ = {
			isa = XCBuildConfiguration;
			buildSettings = {
				BUNDLE_LOADER = "$(BUILT_PRODUCTS_DIR)/NSUserDefaults, Segues and Protocols Challenge Solution.app/NSUserDefaults, Segues and Protocols Challenge Solution";
				FRAMEWORK_SEARCH_PATHS = (
					"$(SDKROOT)/Developer/Library/Frameworks",
					"$(inherited)",
					"$(DEVELOPER_FRAMEWORKS_DIR)",
				);
				GCC_PRECOMPILE_PREFIX_HEADER = YES;
				GCC_PREFIX_HEADER = "NSUserDefaults, Segues and Protocols Challenge Solution/NSUserDefaults, Segues and Protocols Challenge Solution-Prefix.pch";
				GCC_PREPROCESSOR_DEFINITIONS = (
					"DEBUG=1",
					"$(inherited)",
				);
				INFOPLIST_FILE = "NSUserDefaults, Segues and Protocols Challenge SolutionTests/NSUserDefaults, Segues and Protocols Challenge SolutionTests-Info.plist";
				PRODUCT_NAME = "$(TARGET_NAME)";
				TEST_HOST = "$(BUNDLE_LOADER)";
				WRAPPER_EXTENSION = xctest;
			};
			name = Debug;
		};
		A330ECC31979E29800462A94 /* Release */ = {
			isa = XCBuildConfiguration;
			buildSettings = {
				BUNDLE_LOADER = "$(BUILT_PRODUCTS_DIR)/NSUserDefaults, Segues and Protocols Challenge Solution.app/NSUserDefaults, Segues and Protocols Challenge Solution";
				FRAMEWORK_SEARCH_PATHS = (
					"$(SDKROOT)/Developer/Library/Frameworks",
					"$(inherited)",
					"$(DEVELOPER_FRAMEWORKS_DIR)",
				);
				GCC_PRECOMPILE_PREFIX_HEADER = YES;
				GCC_PREFIX_HEADER = "NSUserDefaults, Segues and Protocols Challenge Solution/NSUserDefaults, Segues and Protocols Challenge Solution-Prefix.pch";
				INFOPLIST_FILE = "NSUserDefaults, Segues and Protocols Challenge SolutionTests/NSUserDefaults, Segues and Protocols Challenge SolutionTests-Info.plist";
				PRODUCT_NAME = "$(TARGET_NAME)";
				TEST_HOST = "$(BUNDLE_LOADER)";
				WRAPPER_EXTENSION = xctest;
			};
			name = Release;
		};
/* End XCBuildConfiguration section */

/* Begin XCConfigurationList section */
		A330EC871979E29800462A94 /* Build configuration list for PBXProject "NSUserDefaults, Segues and Protocols Challenge Solution" */ = {
			isa = XCConfigurationList;
			buildConfigurations = (
				A330ECBC1979E29800462A94 /* Debug */,
				A330ECBD1979E29800462A94 /* Release */,
			);
			defaultConfigurationIsVisible = 0;
			defaultConfigurationName = Release;
		};
		A330ECBE1979E29800462A94 /* Build configuration list for PBXNativeTarget "NSUserDefaults, Segues and Protocols Challenge Solution" */ = {
			isa = XCConfigurationList;
			buildConfigurations = (
				A330ECBF1979E29800462A94 /* Debug */,
				A330ECC01979E29800462A94 /* Release */,
			);
			defaultConfigurationIsVisible = 0;
		};
		A330ECC11979E29800462A94 /* Build configuration list for PBXNativeTarget "NSUserDefaults, Segues and Protocols Challenge SolutionTests" */ = {
			isa = XCConfigurationList;
			buildConfigurations = (
				A330ECC21979E29800462A94 /* Debug */,
				A330ECC31979E29800462A94 /* Release */,
			);
			defaultConfigurationIsVisible = 0;
		};
/* End XCConfigurationList section */
	};
	rootObject = A330EC841979E29800462A94 /* Project object */;
}
